
Microsoft Visual Studio Solution File, Format Version 12.00
# Visual Studio Version 17
VisualStudioVersion = 17.7.34202.233
MinimumVisualStudioVersion = 10.0.40219.1
Project("{9A19103F-16F7-4668-BE54-9A1E7A4F7556}") = "DL", "DL\DL.csproj", "{87BE2BDD-194B-462D-85C5-D1A1601AA64F}"
EndProject
Project("{9A19103F-16F7-4668-BE54-9A1E7A4F7556}") = "BL", "BL\BL.csproj", "{A9BEA075-A965-4D54-86B1-2437D7073F3E}"
EndProject
Project("{54A90642-561A-4BB1-A94E-469ADEE60C69}") = "angularapp", "PL\angularapp\angularapp.esproj", "{5ED61B21-C3FD-401A-B13A-2DDE2491B6CD}"
EndProject
Project("{9A19103F-16F7-4668-BE54-9A1E7A4F7556}") = "webapi", "PL\webapi\webapi.csproj", "{1CB16A99-6CCE-411E-AD5A-CA6DF72842EC}"
EndProject
Global
	GlobalSection(SolutionConfigurationPlatforms) = preSolution
		Debug|Any CPU = Debug|Any CPU
		Release|Any CPU = Release|Any CPU
	EndGlobalSection
	GlobalSection(ProjectConfigurationPlatforms) = postSolution
		{87BE2BDD-194B-462D-85C5-D1A1601AA64F}.Debug|Any CPU.ActiveCfg = Debug|Any CPU
		{87BE2BDD-194B-462D-85C5-D1A1601AA64F}.Debug|Any CPU.Build.0 = Debug|Any CPU
		{87BE2BDD-194B-462D-85C5-D1A1601AA64F}.Release|Any CPU.ActiveCfg = Release|Any CPU
		{87BE2BDD-194B-462D-85C5-D1A1601AA64F}.Release|Any CPU.Build.0 = Release|Any CPU
		{A9BEA075-A965-4D54-86B1-2437D7073F3E}.Debug|Any CPU.ActiveCfg = Debug|Any CPU
		{A9BEA075-A965-4D54-86B1-2437D7073F3E}.Debug|Any CPU.Build.0 = Debug|Any CPU
		{A9BEA075-A965-4D54-86B1-2437D7073F3E}.Release|Any CPU.ActiveCfg = Release|Any CPU
		{A9BEA075-A965-4D54-86B1-2437D7073F3E}.Release|Any CPU.Build.0 = Release|Any CPU
		{5ED61B21-C3FD-401A-B13A-2DDE2491B6CD}.Debug|Any CPU.ActiveCfg = Debug|Any CPU
		{5ED61B21-C3FD-401A-B13A-2DDE2491B6CD}.Debug|Any CPU.Build.0 = Debug|Any CPU
		{5ED61B21-C3FD-401A-B13A-2DDE2491B6CD}.Debug|Any CPU.Deploy.0 = Debug|Any CPU
		{5ED61B21-C3FD-401A-B13A-2DDE2491B6CD}.Release|Any CPU.ActiveCfg = Release|Any CPU
		{5ED61B21-C3FD-401A-B13A-2DDE2491B6CD}.Release|Any CPU.Build.0 = Release|Any CPU
		{5ED61B21-C3FD-401A-B13A-2DDE2491B6CD}.Release|Any CPU.Deploy.0 = Release|Any CPU
		{1CB16A99-6CCE-411E-AD5A-CA6DF72842EC}.Debug|Any CPU.ActiveCfg = Debug|Any CPU
		{1CB16A99-6CCE-411E-AD5A-CA6DF72842EC}.Debug|Any CPU.Build.0 = Debug|Any CPU
		{1CB16A99-6CCE-411E-AD5A-CA6DF72842EC}.Release|Any CPU.ActiveCfg = Release|Any CPU
		{1CB16A99-6CCE-411E-AD5A-CA6DF72842EC}.Release|Any CPU.Build.0 = Release|Any CPU
	EndGlobalSection
	GlobalSection(SolutionProperties) = preSolution
		HideSolutionNode = FALSE
	EndGlobalSection
	GlobalSection(ExtensibilityGlobals) = postSolution
		SolutionGuid = {914A49C6-120A-46D5-8863-0EB293B3F02E}
	EndGlobalSection
EndGlobal
