
Microsoft Visual Studio Solution File, Format Version 12.00
# Visual Studio Version 17
VisualStudioVersion = 17.7.34202.233
MinimumVisualStudioVersion = 10.0.40219.1
Project("{FAE04EC0-301F-11D3-BF4B-00C04F79EFBC}") = "DL", "DL\DL.csproj", "{87BE2BDD-194B-462D-85C5-D1A1601AA64F}"
EndProject
Project("{FAE04EC0-301F-11D3-BF4B-00C04F79EFBC}") = "BL", "BL\BL.csproj", "{A9BEA075-A965-4D54-86B1-2437D7073F3E}"
EndProject
Global
	GlobalSection(SolutionConfigurationPlatforms) = preSolution
		Debug|Any CPU = Debug|Any CPU
		Release|Any CPU = Release|Any CPU
	EndGlobalSection
	GlobalSection(ProjectConfigurationPlatforms) = postSolution
		{87BE2BDD-194B-462D-85C5-D1A1601AA64F}.Debug|Any CPU.ActiveCfg = Debug|Any CPU
		{87BE2BDD-194B-462D-85C5-D1A1601AA64F}.Debug|Any CPU.Build.0 = Debug|Any CPU
		{87BE2BDD-194B-462D-85C5-D1A1601AA64F}.Release|Any CPU.ActiveCfg = Release|Any CPU
		{87BE2BDD-194B-462D-85C5-D1A1601AA64F}.Release|Any CPU.Build.0 = Release|Any CPU
		{A9BEA075-A965-4D54-86B1-2437D7073F3E}.Debug|Any CPU.ActiveCfg = Debug|Any CPU
		{A9BEA075-A965-4D54-86B1-2437D7073F3E}.Debug|Any CPU.Build.0 = Debug|Any CPU
		{A9BEA075-A965-4D54-86B1-2437D7073F3E}.Release|Any CPU.ActiveCfg = Release|Any CPU
		{A9BEA075-A965-4D54-86B1-2437D7073F3E}.Release|Any CPU.Build.0 = Release|Any CPU
	EndGlobalSection
	GlobalSection(SolutionProperties) = preSolution
		HideSolutionNode = FALSE
	EndGlobalSection
	GlobalSection(ExtensibilityGlobals) = postSolution
		SolutionGuid = {914A49C6-120A-46D5-8863-0EB293B3F02E}
	EndGlobalSection
EndGlobal
